{
    "name": "dippi-technical-task",
    "version": "1.0.0",
    "lockfileVersion": 2,
    "requires": true,
    "packages": {
        "": {
            "name": "dippi-technical-task",
            "version": "1.0.0",
            "license": "MIT",
            "workspaces": [
                "db-service",
                "hello-service"
            ]
        },
        "db-service": {
            "version": "1.0.0",
            "license": "MIT"
        },
        "hello-service": {
            "version": "1.0.0",
            "license": "MIT"
        },
        "node_modules/db-service": {
            "resolved": "db-service",
            "link": true
        },
        "node_modules/hello-service": {
            "resolved": "hello-service",
            "link": true
        }
    },
    "dependencies": {
        "db-service": {
            "version": "file:db-service"
        },
        "hello-service": {
            "version": "file:hello-service"
        }
    }
}
